
Microsoft Visual Studio Solution File, Format Version 12.00
# Visual Studio Version 17
VisualStudioVersion = 17.3.32922.545
MinimumVisualStudioVersion = 10.0.40219.1
Project("{FAE04EC0-301F-11D3-BF4B-00C04F79EFBC}") = "zad2", "zad2\zad2.csproj", "{FD2FD945-4D47-4EB2-B299-5DE3D772DB39}"
EndProject
Global
	GlobalSection(SolutionConfigurationPlatforms) = preSolution
		Debug|Any CPU = Debug|Any CPU
		Release|Any CPU = Release|Any CPU
	EndGlobalSection
	GlobalSection(ProjectConfigurationPlatforms) = postSolution
		{FD2FD945-4D47-4EB2-B299-5DE3D772DB39}.Debug|Any CPU.ActiveCfg = Debug|Any CPU
		{FD2FD945-4D47-4EB2-B299-5DE3D772DB39}.Debug|Any CPU.Build.0 = Debug|Any CPU
		{FD2FD945-4D47-4EB2-B299-5DE3D772DB39}.Release|Any CPU.ActiveCfg = Release|Any CPU
		{FD2FD945-4D47-4EB2-B299-5DE3D772DB39}.Release|Any CPU.Build.0 = Release|Any CPU
	EndGlobalSection
	GlobalSection(SolutionProperties) = preSolution
		HideSolutionNode = FALSE
	EndGlobalSection
	GlobalSection(ExtensibilityGlobals) = postSolution
		SolutionGuid = {508002E2-5730-415E-ABD8-BF8FF1963B60}
	EndGlobalSection
EndGlobal
