
Microsoft Visual Studio Solution File, Format Version 12.00
# Visual Studio Version 17
VisualStudioVersion = 17.3.32922.545
MinimumVisualStudioVersion = 10.0.40219.1
Project("{FAE04EC0-301F-11D3-BF4B-00C04F79EFBC}") = "zad2", "zad2\zad2.csproj", "{F1351C61-AA56-4218-8CF6-355DAB975181}"
EndProject
Global
	GlobalSection(SolutionConfigurationPlatforms) = preSolution
		Debug|Any CPU = Debug|Any CPU
		Release|Any CPU = Release|Any CPU
	EndGlobalSection
	GlobalSection(ProjectConfigurationPlatforms) = postSolution
		{F1351C61-AA56-4218-8CF6-355DAB975181}.Debug|Any CPU.ActiveCfg = Debug|Any CPU
		{F1351C61-AA56-4218-8CF6-355DAB975181}.Debug|Any CPU.Build.0 = Debug|Any CPU
		{F1351C61-AA56-4218-8CF6-355DAB975181}.Release|Any CPU.ActiveCfg = Release|Any CPU
		{F1351C61-AA56-4218-8CF6-355DAB975181}.Release|Any CPU.Build.0 = Release|Any CPU
	EndGlobalSection
	GlobalSection(SolutionProperties) = preSolution
		HideSolutionNode = FALSE
	EndGlobalSection
	GlobalSection(ExtensibilityGlobals) = postSolution
		SolutionGuid = {9810BA0A-F7BE-4FE9-A5F5-91B5F795AF81}
	EndGlobalSection
EndGlobal
