
Microsoft Visual Studio Solution File, Format Version 12.00
# Visual Studio Version 16
VisualStudioVersion = 16.0.31727.386
MinimumVisualStudioVersion = 10.0.40219.1
Project("{FAE04EC0-301F-11D3-BF4B-00C04F79EFBC}") = "zad2.3", "zad2.3\zad2.3.csproj", "{E759EAD7-CF19-40F0-A92C-B51EAFA62369}"
EndProject
Global
	GlobalSection(SolutionConfigurationPlatforms) = preSolution
		Debug|Any CPU = Debug|Any CPU
		Release|Any CPU = Release|Any CPU
	EndGlobalSection
	GlobalSection(ProjectConfigurationPlatforms) = postSolution
		{E759EAD7-CF19-40F0-A92C-B51EAFA62369}.Debug|Any CPU.ActiveCfg = Debug|Any CPU
		{E759EAD7-CF19-40F0-A92C-B51EAFA62369}.Debug|Any CPU.Build.0 = Debug|Any CPU
		{E759EAD7-CF19-40F0-A92C-B51EAFA62369}.Release|Any CPU.ActiveCfg = Release|Any CPU
		{E759EAD7-CF19-40F0-A92C-B51EAFA62369}.Release|Any CPU.Build.0 = Release|Any CPU
	EndGlobalSection
	GlobalSection(SolutionProperties) = preSolution
		HideSolutionNode = FALSE
	EndGlobalSection
	GlobalSection(ExtensibilityGlobals) = postSolution
		SolutionGuid = {41269F07-E21B-4021-B713-7E02F4D417F4}
	EndGlobalSection
EndGlobal
