
Microsoft Visual Studio Solution File, Format Version 12.00
# Visual Studio Version 17
VisualStudioVersion = 17.3.32922.545
MinimumVisualStudioVersion = 10.0.40219.1
Project("{FAE04EC0-301F-11D3-BF4B-00C04F79EFBC}") = "zad1", "zad1\zad1.csproj", "{2B785401-396D-4080-B4EB-275AD4A2E86D}"
EndProject
Global
	GlobalSection(SolutionConfigurationPlatforms) = preSolution
		Debug|Any CPU = Debug|Any CPU
		Release|Any CPU = Release|Any CPU
	EndGlobalSection
	GlobalSection(ProjectConfigurationPlatforms) = postSolution
		{2B785401-396D-4080-B4EB-275AD4A2E86D}.Debug|Any CPU.ActiveCfg = Debug|Any CPU
		{2B785401-396D-4080-B4EB-275AD4A2E86D}.Debug|Any CPU.Build.0 = Debug|Any CPU
		{2B785401-396D-4080-B4EB-275AD4A2E86D}.Release|Any CPU.ActiveCfg = Release|Any CPU
		{2B785401-396D-4080-B4EB-275AD4A2E86D}.Release|Any CPU.Build.0 = Release|Any CPU
	EndGlobalSection
	GlobalSection(SolutionProperties) = preSolution
		HideSolutionNode = FALSE
	EndGlobalSection
	GlobalSection(ExtensibilityGlobals) = postSolution
		SolutionGuid = {86100BC2-785C-4DD9-BA9F-D45A851AE6C7}
	EndGlobalSection
EndGlobal
