
Microsoft Visual Studio Solution File, Format Version 12.00
# Visual Studio Version 17
VisualStudioVersion = 17.1.32407.343
MinimumVisualStudioVersion = 10.0.40219.1
Project("{FAE04EC0-301F-11D3-BF4B-00C04F79EFBC}") = "Zadanie IV-0.3", "Zadanie IV-0.3.csproj", "{37090817-B408-4BF9-959B-9EB1458FC04E}"
EndProject
Global
	GlobalSection(SolutionConfigurationPlatforms) = preSolution
		Debug|Any CPU = Debug|Any CPU
		Release|Any CPU = Release|Any CPU
	EndGlobalSection
	GlobalSection(ProjectConfigurationPlatforms) = postSolution
		{37090817-B408-4BF9-959B-9EB1458FC04E}.Debug|Any CPU.ActiveCfg = Debug|Any CPU
		{37090817-B408-4BF9-959B-9EB1458FC04E}.Debug|Any CPU.Build.0 = Debug|Any CPU
		{37090817-B408-4BF9-959B-9EB1458FC04E}.Release|Any CPU.ActiveCfg = Release|Any CPU
		{37090817-B408-4BF9-959B-9EB1458FC04E}.Release|Any CPU.Build.0 = Release|Any CPU
	EndGlobalSection
	GlobalSection(SolutionProperties) = preSolution
		HideSolutionNode = FALSE
	EndGlobalSection
	GlobalSection(ExtensibilityGlobals) = postSolution
		SolutionGuid = {5A09F8AE-A5BF-4A0F-A28A-3BCD2F1CFE43}
	EndGlobalSection
EndGlobal
