
Microsoft Visual Studio Solution File, Format Version 12.00
# Visual Studio Version 17
VisualStudioVersion = 17.1.32407.343
MinimumVisualStudioVersion = 10.0.40219.1
Project("{FAE04EC0-301F-11D3-BF4B-00C04F79EFBC}") = "Zadanie V-0.2", "Zadanie V-0.2.csproj", "{3AF56207-A702-4D12-A4FD-95B67658316D}"
EndProject
Global
	GlobalSection(SolutionConfigurationPlatforms) = preSolution
		Debug|Any CPU = Debug|Any CPU
		Release|Any CPU = Release|Any CPU
	EndGlobalSection
	GlobalSection(ProjectConfigurationPlatforms) = postSolution
		{3AF56207-A702-4D12-A4FD-95B67658316D}.Debug|Any CPU.ActiveCfg = Debug|Any CPU
		{3AF56207-A702-4D12-A4FD-95B67658316D}.Debug|Any CPU.Build.0 = Debug|Any CPU
		{3AF56207-A702-4D12-A4FD-95B67658316D}.Release|Any CPU.ActiveCfg = Release|Any CPU
		{3AF56207-A702-4D12-A4FD-95B67658316D}.Release|Any CPU.Build.0 = Release|Any CPU
	EndGlobalSection
	GlobalSection(SolutionProperties) = preSolution
		HideSolutionNode = FALSE
	EndGlobalSection
	GlobalSection(ExtensibilityGlobals) = postSolution
		SolutionGuid = {F932212A-7FA0-473C-BCD1-2AC40A267C89}
	EndGlobalSection
EndGlobal
