
Microsoft Visual Studio Solution File, Format Version 12.00
# Visual Studio Version 17
VisualStudioVersion = 17.1.32407.343
MinimumVisualStudioVersion = 10.0.40219.1
Project("{FAE04EC0-301F-11D3-BF4B-00C04F79EFBC}") = "Zadanie IV-0.2", "Zadanie IV-0.2.csproj", "{137A1F11-DB00-4259-99FE-0D8BFE498C37}"
EndProject
Global
	GlobalSection(SolutionConfigurationPlatforms) = preSolution
		Debug|Any CPU = Debug|Any CPU
		Release|Any CPU = Release|Any CPU
	EndGlobalSection
	GlobalSection(ProjectConfigurationPlatforms) = postSolution
		{137A1F11-DB00-4259-99FE-0D8BFE498C37}.Debug|Any CPU.ActiveCfg = Debug|Any CPU
		{137A1F11-DB00-4259-99FE-0D8BFE498C37}.Debug|Any CPU.Build.0 = Debug|Any CPU
		{137A1F11-DB00-4259-99FE-0D8BFE498C37}.Release|Any CPU.ActiveCfg = Release|Any CPU
		{137A1F11-DB00-4259-99FE-0D8BFE498C37}.Release|Any CPU.Build.0 = Release|Any CPU
	EndGlobalSection
	GlobalSection(SolutionProperties) = preSolution
		HideSolutionNode = FALSE
	EndGlobalSection
	GlobalSection(ExtensibilityGlobals) = postSolution
		SolutionGuid = {C397E6F5-2F33-4653-B582-84E564EC074C}
	EndGlobalSection
EndGlobal
