
Microsoft Visual Studio Solution File, Format Version 12.00
# Visual Studio Version 17
VisualStudioVersion = 17.1.32407.343
MinimumVisualStudioVersion = 10.0.40219.1
Project("{FAE04EC0-301F-11D3-BF4B-00C04F79EFBC}") = "II.7", "II.7.csproj", "{39F7CE00-0118-4031-8671-AE5AE6A99E7E}"
EndProject
Global
	GlobalSection(SolutionConfigurationPlatforms) = preSolution
		Debug|Any CPU = Debug|Any CPU
		Release|Any CPU = Release|Any CPU
	EndGlobalSection
	GlobalSection(ProjectConfigurationPlatforms) = postSolution
		{39F7CE00-0118-4031-8671-AE5AE6A99E7E}.Debug|Any CPU.ActiveCfg = Debug|Any CPU
		{39F7CE00-0118-4031-8671-AE5AE6A99E7E}.Debug|Any CPU.Build.0 = Debug|Any CPU
		{39F7CE00-0118-4031-8671-AE5AE6A99E7E}.Release|Any CPU.ActiveCfg = Release|Any CPU
		{39F7CE00-0118-4031-8671-AE5AE6A99E7E}.Release|Any CPU.Build.0 = Release|Any CPU
	EndGlobalSection
	GlobalSection(SolutionProperties) = preSolution
		HideSolutionNode = FALSE
	EndGlobalSection
	GlobalSection(ExtensibilityGlobals) = postSolution
		SolutionGuid = {0C670863-EFD8-4F64-8CA8-57D4FF51A0DE}
	EndGlobalSection
EndGlobal
