
Microsoft Visual Studio Solution File, Format Version 12.00
# Visual Studio Version 17
VisualStudioVersion = 17.3.32922.545
MinimumVisualStudioVersion = 10.0.40219.1
Project("{FAE04EC0-301F-11D3-BF4B-00C04F79EFBC}") = "zad2", "zad2\zad2.csproj", "{A1BE1577-39C6-447C-B2F9-12AA6DC3CC45}"
EndProject
Global
	GlobalSection(SolutionConfigurationPlatforms) = preSolution
		Debug|Any CPU = Debug|Any CPU
		Release|Any CPU = Release|Any CPU
	EndGlobalSection
	GlobalSection(ProjectConfigurationPlatforms) = postSolution
		{A1BE1577-39C6-447C-B2F9-12AA6DC3CC45}.Debug|Any CPU.ActiveCfg = Debug|Any CPU
		{A1BE1577-39C6-447C-B2F9-12AA6DC3CC45}.Debug|Any CPU.Build.0 = Debug|Any CPU
		{A1BE1577-39C6-447C-B2F9-12AA6DC3CC45}.Release|Any CPU.ActiveCfg = Release|Any CPU
		{A1BE1577-39C6-447C-B2F9-12AA6DC3CC45}.Release|Any CPU.Build.0 = Release|Any CPU
	EndGlobalSection
	GlobalSection(SolutionProperties) = preSolution
		HideSolutionNode = FALSE
	EndGlobalSection
	GlobalSection(ExtensibilityGlobals) = postSolution
		SolutionGuid = {9235F1C6-0A73-4849-93C7-EA03C1A8B026}
	EndGlobalSection
EndGlobal
