
Microsoft Visual Studio Solution File, Format Version 12.00
# Visual Studio Version 16
VisualStudioVersion = 16.0.31727.386
MinimumVisualStudioVersion = 10.0.40219.1
Project("{FAE04EC0-301F-11D3-BF4B-00C04F79EFBC}") = "zad1.8", "zad1.8\zad1.8.csproj", "{21634B86-F245-4A9A-B5C1-FBCF40E7292A}"
EndProject
Global
	GlobalSection(SolutionConfigurationPlatforms) = preSolution
		Debug|Any CPU = Debug|Any CPU
		Release|Any CPU = Release|Any CPU
	EndGlobalSection
	GlobalSection(ProjectConfigurationPlatforms) = postSolution
		{21634B86-F245-4A9A-B5C1-FBCF40E7292A}.Debug|Any CPU.ActiveCfg = Debug|Any CPU
		{21634B86-F245-4A9A-B5C1-FBCF40E7292A}.Debug|Any CPU.Build.0 = Debug|Any CPU
		{21634B86-F245-4A9A-B5C1-FBCF40E7292A}.Release|Any CPU.ActiveCfg = Release|Any CPU
		{21634B86-F245-4A9A-B5C1-FBCF40E7292A}.Release|Any CPU.Build.0 = Release|Any CPU
	EndGlobalSection
	GlobalSection(SolutionProperties) = preSolution
		HideSolutionNode = FALSE
	EndGlobalSection
	GlobalSection(ExtensibilityGlobals) = postSolution
		SolutionGuid = {24122A7E-D970-4662-99E9-BC254DF7E345}
	EndGlobalSection
EndGlobal
