
Microsoft Visual Studio Solution File, Format Version 12.00
# Visual Studio Version 17
VisualStudioVersion = 17.3.32922.545
MinimumVisualStudioVersion = 10.0.40219.1
Project("{FAE04EC0-301F-11D3-BF4B-00C04F79EFBC}") = "zad3", "zad3\zad3.csproj", "{73AD01F3-6799-4F92-85DD-5FA5ACCE1DC8}"
EndProject
Global
	GlobalSection(SolutionConfigurationPlatforms) = preSolution
		Debug|Any CPU = Debug|Any CPU
		Release|Any CPU = Release|Any CPU
	EndGlobalSection
	GlobalSection(ProjectConfigurationPlatforms) = postSolution
		{73AD01F3-6799-4F92-85DD-5FA5ACCE1DC8}.Debug|Any CPU.ActiveCfg = Debug|Any CPU
		{73AD01F3-6799-4F92-85DD-5FA5ACCE1DC8}.Debug|Any CPU.Build.0 = Debug|Any CPU
		{73AD01F3-6799-4F92-85DD-5FA5ACCE1DC8}.Release|Any CPU.ActiveCfg = Release|Any CPU
		{73AD01F3-6799-4F92-85DD-5FA5ACCE1DC8}.Release|Any CPU.Build.0 = Release|Any CPU
	EndGlobalSection
	GlobalSection(SolutionProperties) = preSolution
		HideSolutionNode = FALSE
	EndGlobalSection
	GlobalSection(ExtensibilityGlobals) = postSolution
		SolutionGuid = {4B2DF71B-A1AD-474A-8DB5-C5F5E48DB07A}
	EndGlobalSection
EndGlobal
