
Microsoft Visual Studio Solution File, Format Version 12.00
# Visual Studio Version 17
VisualStudioVersion = 17.3.32922.545
MinimumVisualStudioVersion = 10.0.40219.1
Project("{FAE04EC0-301F-11D3-BF4B-00C04F79EFBC}") = "zad3", "zad3\zad3.csproj", "{63875E63-70DE-4BFC-BBB3-027F42EDEAFE}"
EndProject
Global
	GlobalSection(SolutionConfigurationPlatforms) = preSolution
		Debug|Any CPU = Debug|Any CPU
		Release|Any CPU = Release|Any CPU
	EndGlobalSection
	GlobalSection(ProjectConfigurationPlatforms) = postSolution
		{63875E63-70DE-4BFC-BBB3-027F42EDEAFE}.Debug|Any CPU.ActiveCfg = Debug|Any CPU
		{63875E63-70DE-4BFC-BBB3-027F42EDEAFE}.Debug|Any CPU.Build.0 = Debug|Any CPU
		{63875E63-70DE-4BFC-BBB3-027F42EDEAFE}.Release|Any CPU.ActiveCfg = Release|Any CPU
		{63875E63-70DE-4BFC-BBB3-027F42EDEAFE}.Release|Any CPU.Build.0 = Release|Any CPU
	EndGlobalSection
	GlobalSection(SolutionProperties) = preSolution
		HideSolutionNode = FALSE
	EndGlobalSection
	GlobalSection(ExtensibilityGlobals) = postSolution
		SolutionGuid = {6BEDAA90-20EF-4FD1-91AF-0A35536BF170}
	EndGlobalSection
EndGlobal
