
Microsoft Visual Studio Solution File, Format Version 12.00
# Visual Studio Version 17
VisualStudioVersion = 17.3.32922.545
MinimumVisualStudioVersion = 10.0.40219.1
Project("{FAE04EC0-301F-11D3-BF4B-00C04F79EFBC}") = "zad2", "zad2\zad2.csproj", "{69E5735D-A24C-4BC5-B2CA-6E07CBB2547D}"
EndProject
Global
	GlobalSection(SolutionConfigurationPlatforms) = preSolution
		Debug|Any CPU = Debug|Any CPU
		Release|Any CPU = Release|Any CPU
	EndGlobalSection
	GlobalSection(ProjectConfigurationPlatforms) = postSolution
		{69E5735D-A24C-4BC5-B2CA-6E07CBB2547D}.Debug|Any CPU.ActiveCfg = Debug|Any CPU
		{69E5735D-A24C-4BC5-B2CA-6E07CBB2547D}.Debug|Any CPU.Build.0 = Debug|Any CPU
		{69E5735D-A24C-4BC5-B2CA-6E07CBB2547D}.Release|Any CPU.ActiveCfg = Release|Any CPU
		{69E5735D-A24C-4BC5-B2CA-6E07CBB2547D}.Release|Any CPU.Build.0 = Release|Any CPU
	EndGlobalSection
	GlobalSection(SolutionProperties) = preSolution
		HideSolutionNode = FALSE
	EndGlobalSection
	GlobalSection(ExtensibilityGlobals) = postSolution
		SolutionGuid = {7CFACB21-D551-497C-AC14-18F92F8B1DC8}
	EndGlobalSection
EndGlobal
