
Microsoft Visual Studio Solution File, Format Version 12.00
# Visual Studio Version 17
VisualStudioVersion = 17.1.32407.343
MinimumVisualStudioVersion = 10.0.40219.1
Project("{FAE04EC0-301F-11D3-BF4B-00C04F79EFBC}") = "Zad VII-03", "Zad VII-03.csproj", "{2F80340B-78A6-4D2B-8C80-C2BD51DB96A4}"
EndProject
Global
	GlobalSection(SolutionConfigurationPlatforms) = preSolution
		Debug|Any CPU = Debug|Any CPU
		Release|Any CPU = Release|Any CPU
	EndGlobalSection
	GlobalSection(ProjectConfigurationPlatforms) = postSolution
		{2F80340B-78A6-4D2B-8C80-C2BD51DB96A4}.Debug|Any CPU.ActiveCfg = Debug|Any CPU
		{2F80340B-78A6-4D2B-8C80-C2BD51DB96A4}.Debug|Any CPU.Build.0 = Debug|Any CPU
		{2F80340B-78A6-4D2B-8C80-C2BD51DB96A4}.Release|Any CPU.ActiveCfg = Release|Any CPU
		{2F80340B-78A6-4D2B-8C80-C2BD51DB96A4}.Release|Any CPU.Build.0 = Release|Any CPU
	EndGlobalSection
	GlobalSection(SolutionProperties) = preSolution
		HideSolutionNode = FALSE
	EndGlobalSection
	GlobalSection(ExtensibilityGlobals) = postSolution
		SolutionGuid = {F3C7EA65-A284-4D61-B67E-AC8AA4048965}
	EndGlobalSection
EndGlobal
