
Microsoft Visual Studio Solution File, Format Version 12.00
# Visual Studio Version 17
VisualStudioVersion = 17.1.32407.343
MinimumVisualStudioVersion = 10.0.40219.1
Project("{FAE04EC0-301F-11D3-BF4B-00C04F79EFBC}") = "II.8_Konto", "II.8_Konto.csproj", "{0BB83F33-F047-436D-B276-F2CD475F58D0}"
EndProject
Global
	GlobalSection(SolutionConfigurationPlatforms) = preSolution
		Debug|Any CPU = Debug|Any CPU
		Release|Any CPU = Release|Any CPU
	EndGlobalSection
	GlobalSection(ProjectConfigurationPlatforms) = postSolution
		{0BB83F33-F047-436D-B276-F2CD475F58D0}.Debug|Any CPU.ActiveCfg = Debug|Any CPU
		{0BB83F33-F047-436D-B276-F2CD475F58D0}.Debug|Any CPU.Build.0 = Debug|Any CPU
		{0BB83F33-F047-436D-B276-F2CD475F58D0}.Release|Any CPU.ActiveCfg = Release|Any CPU
		{0BB83F33-F047-436D-B276-F2CD475F58D0}.Release|Any CPU.Build.0 = Release|Any CPU
	EndGlobalSection
	GlobalSection(SolutionProperties) = preSolution
		HideSolutionNode = FALSE
	EndGlobalSection
	GlobalSection(ExtensibilityGlobals) = postSolution
		SolutionGuid = {20562F64-21CE-49D4-8F8D-CB8361E0E32B}
	EndGlobalSection
EndGlobal
